PODS:
  - Hero (1.5.0)
  - iOSDropDown (0.3.4)

DEPENDENCIES:
  - Hero
  - iOSDropDown

SPEC REPOS:
  https://github.com/cocoapods/specs.git:
    - Hero
    - iOSDropDown

SPEC CHECKSUMS:
  Hero: b7385b75e7259da62f4f85462f59a5082d66b058
  iOSDropDown: c10a761f9a00c3f1cc9d3bce43ae504628e2f692

PODFILE CHECKSUM: 99d28822cde668f8cc21f269893dca3b4fedf006

COCOAPODS: 1.7.3
