// !$*UTF8*$!
{
	archiveVersion = 1;
	classes = {
	};
	objectVersion = 51;
	objects = {

/* Begin PBXBuildFile section */
		064453E7F5CF2016F12AD53C /* Pods_exercise2Kavak.framework in Frameworks */ = {isa = PBXBuildFile; fileRef = 5C110D7AA46F6810CB1F1EDB /* Pods_exercise2Kavak.framework */; };
		1CC040DDDC8E025375F14587 /* Pods_exercise2KavakUITests.framework in Frameworks */ = {isa = PBXBuildFile; fileRef = 8C6119E0D8259F8F2842190A /* Pods_exercise2KavakUITests.framework */; };
		6217490E23A00C4100F1C1E5 /* filter.swift in Sources */ = {isa = PBXBuildFile; fileRef = 6217490C23A00C4100F1C1E5 /* filter.swift */; };
		6217490F23A00C4100F1C1E5 /* filter.xib in Resources */ = {isa = PBXBuildFile; fileRef = 6217490D23A00C4100F1C1E5 /* filter.xib */; };
		6241614E239F603100602353 /* detailGnomeViewController.swift in Sources */ = {isa = PBXBuildFile; fileRef = 6241614D239F603100602353 /* detailGnomeViewController.swift */; };
		62416153239F62EC00602353 /* GnomeEntity+CoreDataClass.swift in Sources */ = {isa = PBXBuildFile; fileRef = 62416151239F62EC00602353 /* GnomeEntity+CoreDataClass.swift */; };
		62416154239F62EC00602353 /* GnomeEntity+CoreDataProperties.swift in Sources */ = {isa = PBXBuildFile; fileRef = 62416152239F62EC00602353 /* GnomeEntity+CoreDataProperties.swift */; };
		62416157239F631C00602353 /* coreDataManager.swift in Sources */ = {isa = PBXBuildFile; fileRef = 62416156239F631C00602353 /* coreDataManager.swift */; };
		62416159239F63EE00602353 /* infoGnomeViewModel.swift in Sources */ = {isa = PBXBuildFile; fileRef = 62416158239F63EE00602353 /* infoGnomeViewModel.swift */; };
		6241615C239F681D00602353 /* extensionUIVIewController.swift in Sources */ = {isa = PBXBuildFile; fileRef = 6241615B239F681D00602353 /* extensionUIVIewController.swift */; };
		6241615F239F6BE000602353 /* professionsTableViewController.swift in Sources */ = {isa = PBXBuildFile; fileRef = 6241615E239F6BE000602353 /* professionsTableViewController.swift */; };
		62416161239F6C2200602353 /* professionsViewModel.swift in Sources */ = {isa = PBXBuildFile; fileRef = 62416160239F6C2200602353 /* professionsViewModel.swift */; };
		62416163239F6F1800602353 /* professionTableViewCell.swift in Sources */ = {isa = PBXBuildFile; fileRef = 62416162239F6F1800602353 /* professionTableViewCell.swift */; };
		62416167239F71D600602353 /* friendsTableViewController.swift in Sources */ = {isa = PBXBuildFile; fileRef = 62416166239F71D600602353 /* friendsTableViewController.swift */; };
		62416169239F71E200602353 /* friendsTableViewCell.swift in Sources */ = {isa = PBXBuildFile; fileRef = 62416168239F71E200602353 /* friendsTableViewCell.swift */; };
		6241616B239F71EC00602353 /* infoTableViewCell.swift in Sources */ = {isa = PBXBuildFile; fileRef = 6241616A239F71EC00602353 /* infoTableViewCell.swift */; };
		6241616D239F71F800602353 /* infoTableViewController.swift in Sources */ = {isa = PBXBuildFile; fileRef = 6241616C239F71F800602353 /* infoTableViewController.swift */; };
		6241616F239F72A100602353 /* friendsViewModel.swift in Sources */ = {isa = PBXBuildFile; fileRef = 6241616E239F72A100602353 /* friendsViewModel.swift */; };
		62416171239F740100602353 /* infoViewModel.swift in Sources */ = {isa = PBXBuildFile; fileRef = 62416170239F740100602353 /* infoViewModel.swift */; };
		6246F87C23A070E8000D484E /* buttonStyleBorder.swift in Sources */ = {isa = PBXBuildFile; fileRef = 6246F87A23A070E8000D484E /* buttonStyleBorder.swift */; };
		6246F87D23A070E8000D484E /* buttonStyle.swift in Sources */ = {isa = PBXBuildFile; fileRef = 6246F87B23A070E8000D484E /* buttonStyle.swift */; };
		62478444239FF169000D2562 /* segmentControl.swift in Sources */ = {isa = PBXBuildFile; fileRef = 62478443239FF169000D2562 /* segmentControl.swift */; };
		62478446239FF193000D2562 /* extensionUIColor.swift in Sources */ = {isa = PBXBuildFile; fileRef = 62478445239FF193000D2562 /* extensionUIColor.swift */; };
		62478449239FFEE5000D2562 /* mainViewController.swift in Sources */ = {isa = PBXBuildFile; fileRef = 62478448239FFEE5000D2562 /* mainViewController.swift */; };
		6260354F239F244D006A6CAA /* allGnomesViewController.swift in Sources */ = {isa = PBXBuildFile; fileRef = 6260354E239F244D006A6CAA /* allGnomesViewController.swift */; };
		62603551239F2B3B006A6CAA /* extensionUIImage.swift in Sources */ = {isa = PBXBuildFile; fileRef = 62603550239F2B3B006A6CAA /* extensionUIImage.swift */; };
		626F371C239F01B100E01AD0 /* gnome.swift in Sources */ = {isa = PBXBuildFile; fileRef = 626F371B239F01B100E01AD0 /* gnome.swift */; };
		626F3721239F030A00E01AD0 /* endPoint.swift in Sources */ = {isa = PBXBuildFile; fileRef = 626F3720239F030A00E01AD0 /* endPoint.swift */; };
		626F3723239F035D00E01AD0 /* apiHandler.swift in Sources */ = {isa = PBXBuildFile; fileRef = 626F3722239F035D00E01AD0 /* apiHandler.swift */; };
		626F3726239F03F900E01AD0 /* extensionDictionary.swift in Sources */ = {isa = PBXBuildFile; fileRef = 626F3725239F03F900E01AD0 /* extensionDictionary.swift */; };
		626F3729239F04F500E01AD0 /* gnomeViewModel.swift in Sources */ = {isa = PBXBuildFile; fileRef = 626F3728239F04F500E01AD0 /* gnomeViewModel.swift */; };
		62AE7515239EFFAB00CF710C /* AppDelegate.swift in Sources */ = {isa = PBXBuildFile; fileRef = 62AE7514239EFFAB00CF710C /* AppDelegate.swift */; };
		62AE7517239EFFAB00CF710C /* SceneDelegate.swift in Sources */ = {isa = PBXBuildFile; fileRef = 62AE7516239EFFAB00CF710C /* SceneDelegate.swift */; };
		62AE751C239EFFAB00CF710C /* Main.storyboard in Resources */ = {isa = PBXBuildFile; fileRef = 62AE751A239EFFAB00CF710C /* Main.storyboard */; };
		62AE751F239EFFAB00CF710C /* exercise2Kavak.xcdatamodeld in Sources */ = {isa = PBXBuildFile; fileRef = 62AE751D239EFFAB00CF710C /* exercise2Kavak.xcdatamodeld */; };
		62AE7521239EFFAD00CF710C /* Assets.xcassets in Resources */ = {isa = PBXBuildFile; fileRef = 62AE7520239EFFAD00CF710C /* Assets.xcassets */; };
		62AE7524239EFFAD00CF710C /* LaunchScreen.storyboard in Resources */ = {isa = PBXBuildFile; fileRef = 62AE7522239EFFAD00CF710C /* LaunchScreen.storyboard */; };
		62AE752F239EFFAD00CF710C /* exercise2KavakTests.swift in Sources */ = {isa = PBXBuildFile; fileRef = 62AE752E239EFFAD00CF710C /* exercise2KavakTests.swift */; };
		62AE753A239EFFAD00CF710C /* exercise2KavakUITests.swift in Sources */ = {isa = PBXBuildFile; fileRef = 62AE7539239EFFAD00CF710C /* exercise2KavakUITests.swift */; };
		62AFABF6239F1F56008D02CA /* customLayout.swift in Sources */ = {isa = PBXBuildFile; fileRef = 62AFABF5239F1F56008D02CA /* customLayout.swift */; };
		62BA7BD8239F5D0900B9188A /* gnomeCollectionViewCell.swift in Sources */ = {isa = PBXBuildFile; fileRef = 62BA7BD7239F5D0900B9188A /* gnomeCollectionViewCell.swift */; };
		62E434DA23A059040028EA89 /* utilActivityIndicator.swift in Sources */ = {isa = PBXBuildFile; fileRef = 62E434D823A059040028EA89 /* utilActivityIndicator.swift */; };
		62E434DB23A059040028EA89 /* activityIndicator.swift in Sources */ = {isa = PBXBuildFile; fileRef = 62E434D923A059040028EA89 /* activityIndicator.swift */; };
		B1B606EDA38C9CA500C3A806 /* Pods_exercise2KavakTests.framework in Frameworks */ = {isa = PBXBuildFile; fileRef = C2D52EFC6F1B6D27C05625C6 /* Pods_exercise2KavakTests.framework */; };
/* End PBXBuildFile section */

/* Begin PBXContainerItemProxy section */
		62AE752B239EFFAD00CF710C /* PBXContainerItemProxy */ = {
			isa = PBXContainerItemProxy;
			containerPortal = 62AE7509239EFFAB00CF710C /* Project object */;
			proxyType = 1;
			remoteGlobalIDString = 62AE7510239EFFAB00CF710C;
			remoteInfo = exercise2Kavak;
		};
		62AE7536239EFFAD00CF710C /* PBXContainerItemProxy */ = {
			isa = PBXContainerItemProxy;
			containerPortal = 62AE7509239EFFAB00CF710C /* Project object */;
			proxyType = 1;
			remoteGlobalIDString = 62AE7510239EFFAB00CF710C;
			remoteInfo = exercise2Kavak;
		};
/* End PBXContainerItemProxy section */

/* Begin PBXFileReference section */
		3BCCDC76A953E71FC81A797C /* Pods-exercise2KavakTests.release.xcconfig */ = {isa = PBXFileReference; includeInIndex = 1; lastKnownFileType = text.xcconfig; name = "Pods-exercise2KavakTests.release.xcconfig"; path = "Target Support Files/Pods-exercise2KavakTests/Pods-exercise2KavakTests.release.xcconfig"; sourceTree = "<group>"; };
		5C110D7AA46F6810CB1F1EDB /* Pods_exercise2Kavak.framework */ = {isa = PBXFileReference; explicitFileType = wrapper.framework; includeInIndex = 0; path = Pods_exercise2Kavak.framework; sourceTree = BUILT_PRODUCTS_DIR; };
		6217490C23A00C4100F1C1E5 /* filter.swift */ = {isa = PBXFileReference; fileEncoding = 4; lastKnownFileType = sourcecode.swift; path = filter.swift; sourceTree = "<group>"; };
		6217490D23A00C4100F1C1E5 /* filter.xib */ = {isa = PBXFileReference; fileEncoding = 4; lastKnownFileType = file.xib; path = filter.xib; sourceTree = "<group>"; };
		6241614D239F603100602353 /* detailGnomeViewController.swift */ = {isa = PBXFileReference; lastKnownFileType = sourcecode.swift; path = detailGnomeViewController.swift; sourceTree = "<group>"; };
		62416151239F62EC00602353 /* GnomeEntity+CoreDataClass.swift */ = {isa = PBXFileReference; lastKnownFileType = sourcecode.swift; path = "GnomeEntity+CoreDataClass.swift"; sourceTree = "<group>"; };
		62416152239F62EC00602353 /* GnomeEntity+CoreDataProperties.swift */ = {isa = PBXFileReference; lastKnownFileType = sourcecode.swift; path = "GnomeEntity+CoreDataProperties.swift"; sourceTree = "<group>"; };
		62416156239F631C00602353 /* coreDataManager.swift */ = {isa = PBXFileReference; lastKnownFileType = sourcecode.swift; path = coreDataManager.swift; sourceTree = "<group>"; };
		62416158239F63EE00602353 /* infoGnomeViewModel.swift */ = {isa = PBXFileReference; lastKnownFileType = sourcecode.swift; path = infoGnomeViewModel.swift; sourceTree = "<group>"; };
		6241615B239F681D00602353 /* extensionUIVIewController.swift */ = {isa = PBXFileReference; lastKnownFileType = sourcecode.swift; path = extensionUIVIewController.swift; sourceTree = "<group>"; };
		6241615E239F6BE000602353 /* professionsTableViewController.swift */ = {isa = PBXFileReference; lastKnownFileType = sourcecode.swift; path = professionsTableViewController.swift; sourceTree = "<group>"; };
		62416160239F6C2200602353 /* professionsViewModel.swift */ = {isa = PBXFileReference; lastKnownFileType = sourcecode.swift; path = professionsViewModel.swift; sourceTree = "<group>"; };
		62416162239F6F1800602353 /* professionTableViewCell.swift */ = {isa = PBXFileReference; lastKnownFileType = sourcecode.swift; path = professionTableViewCell.swift; sourceTree = "<group>"; };
		62416166239F71D600602353 /* friendsTableViewController.swift */ = {isa = PBXFileReference; lastKnownFileType = sourcecode.swift; path = friendsTableViewController.swift; sourceTree = "<group>"; };
		62416168239F71E200602353 /* friendsTableViewCell.swift */ = {isa = PBXFileReference; lastKnownFileType = sourcecode.swift; path = friendsTableViewCell.swift; sourceTree = "<group>"; };
		6241616A239F71EC00602353 /* infoTableViewCell.swift */ = {isa = PBXFileReference; lastKnownFileType = sourcecode.swift; path = infoTableViewCell.swift; sourceTree = "<group>"; };
		6241616C239F71F800602353 /* infoTableViewController.swift */ = {isa = PBXFileReference; lastKnownFileType = sourcecode.swift; path = infoTableViewController.swift; sourceTree = "<group>"; };
		6241616E239F72A100602353 /* friendsViewModel.swift */ = {isa = PBXFileReference; lastKnownFileType = sourcecode.swift; path = friendsViewModel.swift; sourceTree = "<group>"; };
		62416170239F740100602353 /* infoViewModel.swift */ = {isa = PBXFileReference; lastKnownFileType = sourcecode.swift; path = infoViewModel.swift; sourceTree = "<group>"; };
		6246F87A23A070E8000D484E /* buttonStyleBorder.swift */ = {isa = PBXFileReference; fileEncoding = 4; lastKnownFileType = sourcecode.swift; path = buttonStyleBorder.swift; sourceTree = "<group>"; };
		6246F87B23A070E8000D484E /* buttonStyle.swift */ = {isa = PBXFileReference; fileEncoding = 4; lastKnownFileType = sourcecode.swift; path = buttonStyle.swift; sourceTree = "<group>"; };
		62478443239FF169000D2562 /* segmentControl.swift */ = {isa = PBXFileReference; lastKnownFileType = sourcecode.swift; path = segmentControl.swift; sourceTree = "<group>"; };
		62478445239FF193000D2562 /* extensionUIColor.swift */ = {isa = PBXFileReference; lastKnownFileType = sourcecode.swift; path = extensionUIColor.swift; sourceTree = "<group>"; };
		62478448239FFEE5000D2562 /* mainViewController.swift */ = {isa = PBXFileReference; lastKnownFileType = sourcecode.swift; path = mainViewController.swift; sourceTree = "<group>"; };
		6260354E239F244D006A6CAA /* allGnomesViewController.swift */ = {isa = PBXFileReference; lastKnownFileType = sourcecode.swift; path = allGnomesViewController.swift; sourceTree = "<group>"; };
		62603550239F2B3B006A6CAA /* extensionUIImage.swift */ = {isa = PBXFileReference; lastKnownFileType = sourcecode.swift; path = extensionUIImage.swift; sourceTree = "<group>"; };
		626F371B239F01B100E01AD0 /* gnome.swift */ = {isa = PBXFileReference; lastKnownFileType = sourcecode.swift; path = gnome.swift; sourceTree = "<group>"; };
		626F3720239F030A00E01AD0 /* endPoint.swift */ = {isa = PBXFileReference; lastKnownFileType = sourcecode.swift; path = endPoint.swift; sourceTree = "<group>"; };
		626F3722239F035D00E01AD0 /* apiHandler.swift */ = {isa = PBXFileReference; lastKnownFileType = sourcecode.swift; path = apiHandler.swift; sourceTree = "<group>"; };
		626F3725239F03F900E01AD0 /* extensionDictionary.swift */ = {isa = PBXFileReference; lastKnownFileType = sourcecode.swift; path = extensionDictionary.swift; sourceTree = "<group>"; };
		626F3728239F04F500E01AD0 /* gnomeViewModel.swift */ = {isa = PBXFileReference; lastKnownFileType = sourcecode.swift; path = gnomeViewModel.swift; sourceTree = "<group>"; };
		62AE7511239EFFAB00CF710C /* exercise2Kavak.app */ = {isa = PBXFileReference; explicitFileType = wrapper.application; includeInIndex = 0; path = exercise2Kavak.app; sourceTree = BUILT_PRODUCTS_DIR; };
		62AE7514239EFFAB00CF710C /* AppDelegate.swift */ = {isa = PBXFileReference; lastKnownFileType = sourcecode.swift; path = AppDelegate.swift; sourceTree = "<group>"; };
		62AE7516239EFFAB00CF710C /* SceneDelegate.swift */ = {isa = PBXFileReference; lastKnownFileType = sourcecode.swift; path = SceneDelegate.swift; sourceTree = "<group>"; };
		62AE751B239EFFAB00CF710C /* Base */ = {isa = PBXFileReference; lastKnownFileType = file.storyboard; name = Base; path = Base.lproj/Main.storyboard; sourceTree = "<group>"; };
		62AE751E239EFFAB00CF710C /* exercise2Kavak.xcdatamodel */ = {isa = PBXFileReference; lastKnownFileType = wrapper.xcdatamodel; path = exercise2Kavak.xcdatamodel; sourceTree = "<group>"; };
		62AE7520239EFFAD00CF710C /* Assets.xcassets */ = {isa = PBXFileReference; lastKnownFileType = folder.assetcatalog; path = Assets.xcassets; sourceTree = "<group>"; };
		62AE7523239EFFAD00CF710C /* Base */ = {isa = PBXFileReference; lastKnownFileType = file.storyboard; name = Base; path = Base.lproj/LaunchScreen.storyboard; sourceTree = "<group>"; };
		62AE7525239EFFAD00CF710C /* Info.plist */ = {isa = PBXFileReference; lastKnownFileType = text.plist.xml; path = Info.plist; sourceTree = "<group>"; };
		62AE752A239EFFAD00CF710C /* exercise2KavakTests.xctest */ = {isa = PBXFileReference; explicitFileType = wrapper.cfbundle; includeInIndex = 0; path = exercise2KavakTests.xctest; sourceTree = BUILT_PRODUCTS_DIR; };
		62AE752E239EFFAD00CF710C /* exercise2KavakTests.swift */ = {isa = PBXFileReference; lastKnownFileType = sourcecode.swift; path = exercise2KavakTests.swift; sourceTree = "<group>"; };
		62AE7530239EFFAD00CF710C /* Info.plist */ = {isa = PBXFileReference; lastKnownFileType = text.plist.xml; path = Info.plist; sourceTree = "<group>"; };
		62AE7535239EFFAD00CF710C /* exercise2KavakUITests.xctest */ = {isa = PBXFileReference; explicitFileType = wrapper.cfbundle; includeInIndex = 0; path = exercise2KavakUITests.xctest; sourceTree = BUILT_PRODUCTS_DIR; };
		62AE7539239EFFAD00CF710C /* exercise2KavakUITests.swift */ = {isa = PBXFileReference; lastKnownFileType = sourcecode.swift; path = exercise2KavakUITests.swift; sourceTree = "<group>"; };
		62AE753B239EFFAD00CF710C /* Info.plist */ = {isa = PBXFileReference; lastKnownFileType = text.plist.xml; path = Info.plist; sourceTree = "<group>"; };
		62AFABF5239F1F56008D02CA /* customLayout.swift */ = {isa = PBXFileReference; lastKnownFileType = sourcecode.swift; path = customLayout.swift; sourceTree = "<group>"; };
		62BA7BD7239F5D0900B9188A /* gnomeCollectionViewCell.swift */ = {isa = PBXFileReference; lastKnownFileType = sourcecode.swift; path = gnomeCollectionViewCell.swift; sourceTree = "<group>"; };
		62E434D823A059040028EA89 /* utilActivityIndicator.swift */ = {isa = PBXFileReference; fileEncoding = 4; lastKnownFileType = sourcecode.swift; path = utilActivityIndicator.swift; sourceTree = "<group>"; };
		62E434D923A059040028EA89 /* activityIndicator.swift */ = {isa = PBXFileReference; fileEncoding = 4; lastKnownFileType = sourcecode.swift; path = activityIndicator.swift; sourceTree = "<group>"; };
		8C6119E0D8259F8F2842190A /* Pods_exercise2KavakUITests.framework */ = {isa = PBXFileReference; explicitFileType = wrapper.framework; includeInIndex = 0; path = Pods_exercise2KavakUITests.framework; sourceTree = BUILT_PRODUCTS_DIR; };
		9E133FC8FE77F91B34EF297E /* Pods-exercise2KavakTests.debug.xcconfig */ = {isa = PBXFileReference; includeInIndex = 1; lastKnownFileType = text.xcconfig; name = "Pods-exercise2KavakTests.debug.xcconfig"; path = "Target Support Files/Pods-exercise2KavakTests/Pods-exercise2KavakTests.debug.xcconfig"; sourceTree = "<group>"; };
		C2D52EFC6F1B6D27C05625C6 /* Pods_exercise2KavakTests.framework */ = {isa = PBXFileReference; explicitFileType = wrapper.framework; includeInIndex = 0; path = Pods_exercise2KavakTests.framework; sourceTree = BUILT_PRODUCTS_DIR; };
		C79FCD3F8A26EFE6588FD987 /* Pods-exercise2Kavak.release.xcconfig */ = {isa = PBXFileReference; includeInIndex = 1; lastKnownFileType = text.xcconfig; name = "Pods-exercise2Kavak.release.xcconfig"; path = "Target Support Files/Pods-exercise2Kavak/Pods-exercise2Kavak.release.xcconfig"; sourceTree = "<group>"; };
		F4486576A9FE8457372AC3E7 /* Pods-exercise2Kavak.debug.xcconfig */ = {isa = PBXFileReference; includeInIndex = 1; lastKnownFileType = text.xcconfig; name = "Pods-exercise2Kavak.debug.xcconfig"; path = "Target Support Files/Pods-exercise2Kavak/Pods-exercise2Kavak.debug.xcconfig"; sourceTree = "<group>"; };
		FC9A3ECE30BA446492515F34 /* Pods-exercise2KavakUITests.release.xcconfig */ = {isa = PBXFileReference; includeInIndex = 1; lastKnownFileType = text.xcconfig; name = "Pods-exercise2KavakUITests.release.xcconfig"; path = "Target Support Files/Pods-exercise2KavakUITests/Pods-exercise2KavakUITests.release.xcconfig"; sourceTree = "<group>"; };
		FFDDCC63D07305EF7A35611C /* Pods-exercise2KavakUITests.debug.xcconfig */ = {isa = PBXFileReference; includeInIndex = 1; lastKnownFileType = text.xcconfig; name = "Pods-exercise2KavakUITests.debug.xcconfig"; path = "Target Support Files/Pods-exercise2KavakUITests/Pods-exercise2KavakUITests.debug.xcconfig"; sourceTree = "<group>"; };
/* End PBXFileReference section */

/* Begin PBXFrameworksBuildPhase section */
		62AE750E239EFFAB00CF710C /* Frameworks */ = {
			isa = PBXFrameworksBuildPhase;
			buildActionMask = 2147483647;
			files = (
				064453E7F5CF2016F12AD53C /* Pods_exercise2Kavak.framework in Frameworks */,
			);
			runOnlyForDeploymentPostprocessing = 0;
		};
		62AE7527239EFFAD00CF710C /* Frameworks */ = {
			isa = PBXFrameworksBuildPhase;
			buildActionMask = 2147483647;
			files = (
				B1B606EDA38C9CA500C3A806 /* Pods_exercise2KavakTests.framework in Frameworks */,
			);
			runOnlyForDeploymentPostprocessing = 0;
		};
		62AE7532239EFFAD00CF710C /* Frameworks */ = {
			isa = PBXFrameworksBuildPhase;
			buildActionMask = 2147483647;
			files = (
				1CC040DDDC8E025375F14587 /* Pods_exercise2KavakUITests.framework in Frameworks */,
			);
			runOnlyForDeploymentPostprocessing = 0;
		};
/* End PBXFrameworksBuildPhase section */

/* Begin PBXGroup section */
		0479DBAA707E2939BCE446E1 /* Frameworks */ = {
			isa = PBXGroup;
			children = (
				5C110D7AA46F6810CB1F1EDB /* Pods_exercise2Kavak.framework */,
				C2D52EFC6F1B6D27C05625C6 /* Pods_exercise2KavakTests.framework */,
				8C6119E0D8259F8F2842190A /* Pods_exercise2KavakUITests.framework */,
			);
			name = Frameworks;
			sourceTree = "<group>";
		};
		6217490B23A00C2A00F1C1E5 /* customFilter */ = {
			isa = PBXGroup;
			children = (
				6217490C23A00C4100F1C1E5 /* filter.swift */,
				6217490D23A00C4100F1C1E5 /* filter.xib */,
			);
			path = customFilter;
			sourceTree = "<group>";
		};
		6241614C239F601C00602353 /* detailGnome */ = {
			isa = PBXGroup;
			children = (
				62416165239F71C400602353 /* info */,
				62416164239F71BC00602353 /* friends */,
				6241615D239F6BCE00602353 /* professions */,
				6241614D239F603100602353 /* detailGnomeViewController.swift */,
			);
			path = detailGnome;
			sourceTree = "<group>";
		};
		6241614F239F62C800602353 /* storage */ = {
			isa = PBXGroup;
			children = (
				62416155239F630000602353 /* manager */,
				62416150239F62CF00602353 /* model */,
			);
			path = storage;
			sourceTree = "<group>";
		};
		62416150239F62CF00602353 /* model */ = {
			isa = PBXGroup;
			children = (
				62416151239F62EC00602353 /* GnomeEntity+CoreDataClass.swift */,
				62416152239F62EC00602353 /* GnomeEntity+CoreDataProperties.swift */,
				62AE751D239EFFAB00CF710C /* exercise2Kavak.xcdatamodeld */,
			);
			path = model;
			sourceTree = "<group>";
		};
		62416155239F630000602353 /* manager */ = {
			isa = PBXGroup;
			children = (
				62416156239F631C00602353 /* coreDataManager.swift */,
			);
			path = manager;
			sourceTree = "<group>";
		};
		6241615A239F65C100602353 /* assets */ = {
			isa = PBXGroup;
			children = (
			);
			path = assets;
			sourceTree = "<group>";
		};
		6241615D239F6BCE00602353 /* professions */ = {
			isa = PBXGroup;
			children = (
				6241615E239F6BE000602353 /* professionsTableViewController.swift */,
				62416162239F6F1800602353 /* professionTableViewCell.swift */,
			);
			path = professions;
			sourceTree = "<group>";
		};
		62416164239F71BC00602353 /* friends */ = {
			isa = PBXGroup;
			children = (
				62416166239F71D600602353 /* friendsTableViewController.swift */,
				62416168239F71E200602353 /* friendsTableViewCell.swift */,
			);
			path = friends;
			sourceTree = "<group>";
		};
		62416165239F71C400602353 /* info */ = {
			isa = PBXGroup;
			children = (
				6241616A239F71EC00602353 /* infoTableViewCell.swift */,
				6241616C239F71F800602353 /* infoTableViewController.swift */,
			);
			path = info;
			sourceTree = "<group>";
		};
		6246F87923A070D3000D484E /* styles */ = {
			isa = PBXGroup;
			children = (
				6246F87B23A070E8000D484E /* buttonStyle.swift */,
				6246F87A23A070E8000D484E /* buttonStyleBorder.swift */,
			);
			path = styles;
			sourceTree = "<group>";
		};
		62478442239FF158000D2562 /* segmentControl */ = {
			isa = PBXGroup;
			children = (
				62478443239FF169000D2562 /* segmentControl.swift */,
			);
			path = segmentControl;
			sourceTree = "<group>";
		};
		62478447239FFED8000D2562 /* main */ = {
			isa = PBXGroup;
			children = (
				62478448239FFEE5000D2562 /* mainViewController.swift */,
			);
			path = main;
			sourceTree = "<group>";
		};
		626F371A239F019F00E01AD0 /* model */ = {
			isa = PBXGroup;
			children = (
				626F371B239F01B100E01AD0 /* gnome.swift */,
			);
			path = model;
			sourceTree = "<group>";
		};
		626F371E239F02CE00E01AD0 /* supportingFiles */ = {
			isa = PBXGroup;
			children = (
				62AE7514239EFFAB00CF710C /* AppDelegate.swift */,
				62AE7516239EFFAB00CF710C /* SceneDelegate.swift */,
				62AE7525239EFFAD00CF710C /* Info.plist */,
			);
			path = supportingFiles;
			sourceTree = "<group>";
		};
		626F371F239F02FC00E01AD0 /* api */ = {
			isa = PBXGroup;
			children = (
				626F3720239F030A00E01AD0 /* endPoint.swift */,
				626F3722239F035D00E01AD0 /* apiHandler.swift */,
			);
			path = api;
			sourceTree = "<group>";
		};
		626F3724239F03D500E01AD0 /* extension */ = {
			isa = PBXGroup;
			children = (
				626F3725239F03F900E01AD0 /* extensionDictionary.swift */,
				62603550239F2B3B006A6CAA /* extensionUIImage.swift */,
				6241615B239F681D00602353 /* extensionUIVIewController.swift */,
				62478445239FF193000D2562 /* extensionUIColor.swift */,
			);
			path = extension;
			sourceTree = "<group>";
		};
		626F3727239F04E600E01AD0 /* viewModel */ = {
			isa = PBXGroup;
			children = (
				626F3728239F04F500E01AD0 /* gnomeViewModel.swift */,
				62416158239F63EE00602353 /* infoGnomeViewModel.swift */,
				62416160239F6C2200602353 /* professionsViewModel.swift */,
				6241616E239F72A100602353 /* friendsViewModel.swift */,
				62416170239F740100602353 /* infoViewModel.swift */,
			);
			path = viewModel;
			sourceTree = "<group>";
		};
		626F372A239F078400E01AD0 /* view */ = {
			isa = PBXGroup;
			children = (
				62E434D723A058E80028EA89 /* activityIndicator */,
				6217490B23A00C2A00F1C1E5 /* customFilter */,
				62478447239FFED8000D2562 /* main */,
				62478442239FF158000D2562 /* segmentControl */,
				6241614C239F601C00602353 /* detailGnome */,
				62AFABF4239F1F3A008D02CA /* allGnomes */,
				62AE751A239EFFAB00CF710C /* Main.storyboard */,
			);
			path = view;
			sourceTree = "<group>";
		};
		62AE7508239EFFAB00CF710C = {
			isa = PBXGroup;
			children = (
				62AE7513239EFFAB00CF710C /* exercise2Kavak */,
				62AE752D239EFFAD00CF710C /* exercise2KavakTests */,
				62AE7538239EFFAD00CF710C /* exercise2KavakUITests */,
				62AE7512239EFFAB00CF710C /* Products */,
				E505543D78B510113935FEE7 /* Pods */,
				0479DBAA707E2939BCE446E1 /* Frameworks */,
			);
			sourceTree = "<group>";
		};
		62AE7512239EFFAB00CF710C /* Products */ = {
			isa = PBXGroup;
			children = (
				62AE7511239EFFAB00CF710C /* exercise2Kavak.app */,
				62AE752A239EFFAD00CF710C /* exercise2KavakTests.xctest */,
				62AE7535239EFFAD00CF710C /* exercise2KavakUITests.xctest */,
			);
			name = Products;
			sourceTree = "<group>";
		};
		62AE7513239EFFAB00CF710C /* exercise2Kavak */ = {
			isa = PBXGroup;
			children = (
				6246F87923A070D3000D484E /* styles */,
				6241615A239F65C100602353 /* assets */,
				6241614F239F62C800602353 /* storage */,
				626F372A239F078400E01AD0 /* view */,
				626F3727239F04E600E01AD0 /* viewModel */,
				626F3724239F03D500E01AD0 /* extension */,
				626F371F239F02FC00E01AD0 /* api */,
				626F371E239F02CE00E01AD0 /* supportingFiles */,
				626F371A239F019F00E01AD0 /* model */,
				62AE7520239EFFAD00CF710C /* Assets.xcassets */,
				62AE7522239EFFAD00CF710C /* LaunchScreen.storyboard */,
			);
			path = exercise2Kavak;
			sourceTree = "<group>";
		};
		62AE752D239EFFAD00CF710C /* exercise2KavakTests */ = {
			isa = PBXGroup;
			children = (
				62AE752E239EFFAD00CF710C /* exercise2KavakTests.swift */,
				62AE7530239EFFAD00CF710C /* Info.plist */,
			);
			path = exercise2KavakTests;
			sourceTree = "<group>";
		};
		62AE7538239EFFAD00CF710C /* exercise2KavakUITests */ = {
			isa = PBXGroup;
			children = (
				62AE7539239EFFAD00CF710C /* exercise2KavakUITests.swift */,
				62AE753B239EFFAD00CF710C /* Info.plist */,
			);
			path = exercise2KavakUITests;
			sourceTree = "<group>";
		};
		62AFABF4239F1F3A008D02CA /* allGnomes */ = {
			isa = PBXGroup;
			children = (
				62AFABF5239F1F56008D02CA /* customLayout.swift */,
				6260354E239F244D006A6CAA /* allGnomesViewController.swift */,
				62BA7BD7239F5D0900B9188A /* gnomeCollectionViewCell.swift */,
			);
			path = allGnomes;
			sourceTree = "<group>";
		};
		62E434D723A058E80028EA89 /* activityIndicator */ = {
			isa = PBXGroup;
			children = (
				62E434D923A059040028EA89 /* activityIndicator.swift */,
				62E434D823A059040028EA89 /* utilActivityIndicator.swift */,
			);
			path = activityIndicator;
			sourceTree = "<group>";
		};
		E505543D78B510113935FEE7 /* Pods */ = {
			isa = PBXGroup;
			children = (
				F4486576A9FE8457372AC3E7 /* Pods-exercise2Kavak.debug.xcconfig */,
				C79FCD3F8A26EFE6588FD987 /* Pods-exercise2Kavak.release.xcconfig */,
				9E133FC8FE77F91B34EF297E /* Pods-exercise2KavakTests.debug.xcconfig */,
				3BCCDC76A953E71FC81A797C /* Pods-exercise2KavakTests.release.xcconfig */,
				FFDDCC63D07305EF7A35611C /* Pods-exercise2KavakUITests.debug.xcconfig */,
				FC9A3ECE30BA446492515F34 /* Pods-exercise2KavakUITests.release.xcconfig */,
			);
			path = Pods;
			sourceTree = "<group>";
		};
/* End PBXGroup section */

/* Begin PBXNativeTarget section */
		62AE7510239EFFAB00CF710C /* exercise2Kavak */ = {
			isa = PBXNativeTarget;
			buildConfigurationList = 62AE753E239EFFAD00CF710C /* Build configuration list for PBXNativeTarget "exercise2Kavak" */;
			buildPhases = (
				E2AC06E88CF6FECC8C43D728 /* [CP] Check Pods Manifest.lock */,
				62AE750D239EFFAB00CF710C /* Sources */,
				62AE750E239EFFAB00CF710C /* Frameworks */,
				62AE750F239EFFAB00CF710C /* Resources */,
				0E2197B5020AACE88592EB28 /* [CP] Embed Pods Frameworks */,
			);
			buildRules = (
			);
			dependencies = (
			);
			name = exercise2Kavak;
			productName = exercise2Kavak;
			productReference = 62AE7511239EFFAB00CF710C /* exercise2Kavak.app */;
			productType = "com.apple.product-type.application";
		};
		62AE7529239EFFAD00CF710C /* exercise2KavakTests */ = {
			isa = PBXNativeTarget;
			buildConfigurationList = 62AE7541239EFFAD00CF710C /* Build configuration list for PBXNativeTarget "exercise2KavakTests" */;
			buildPhases = (
				F42E4E9670879EE142268A90 /* [CP] Check Pods Manifest.lock */,
				62AE7526239EFFAD00CF710C /* Sources */,
				62AE7527239EFFAD00CF710C /* Frameworks */,
				62AE7528239EFFAD00CF710C /* Resources */,
			);
			buildRules = (
			);
			dependencies = (
				62AE752C239EFFAD00CF710C /* PBXTargetDependency */,
			);
			name = exercise2KavakTests;
			productName = exercise2KavakTests;
			productReference = 62AE752A239EFFAD00CF710C /* exercise2KavakTests.xctest */;
			productType = "com.apple.product-type.bundle.unit-test";
		};
		62AE7534239EFFAD00CF710C /* exercise2KavakUITests */ = {
			isa = PBXNativeTarget;
			buildConfigurationList = 62AE7544239EFFAD00CF710C /* Build configuration list for PBXNativeTarget "exercise2KavakUITests" */;
			buildPhases = (
				330FBBD7A2EE3DE02F4DF831 /* [CP] Check Pods Manifest.lock */,
				62AE7531239EFFAD00CF710C /* Sources */,
				62AE7532239EFFAD00CF710C /* Frameworks */,
				62AE7533239EFFAD00CF710C /* Resources */,
			);
			buildRules = (
			);
			dependencies = (
				62AE7537239EFFAD00CF710C /* PBXTargetDependency */,
			);
			name = exercise2KavakUITests;
			productName = exercise2KavakUITests;
			productReference = 62AE7535239EFFAD00CF710C /* exercise2KavakUITests.xctest */;
			productType = "com.apple.product-type.bundle.ui-testing";
		};
/* End PBXNativeTarget section */

/* Begin PBXProject section */
		62AE7509239EFFAB00CF710C /* Project object */ = {
			isa = PBXProject;
			attributes = {
				LastSwiftUpdateCheck = 1100;
				LastUpgradeCheck = 1100;
				ORGANIZATIONNAME = Andres;
				TargetAttributes = {
					62AE7510239EFFAB00CF710C = {
						CreatedOnToolsVersion = 11.0;
					};
					62AE7529239EFFAD00CF710C = {
						CreatedOnToolsVersion = 11.0;
						TestTargetID = 62AE7510239EFFAB00CF710C;
					};
					62AE7534239EFFAD00CF710C = {
						CreatedOnToolsVersion = 11.0;
						TestTargetID = 62AE7510239EFFAB00CF710C;
					};
				};
			};
			buildConfigurationList = 62AE750C239EFFAB00CF710C /* Build configuration list for PBXProject "exercise2Kavak" */;
			compatibilityVersion = "Xcode 9.3";
			developmentRegion = en;
			hasScannedForEncodings = 0;
			knownRegions = (
				en,
				Base,
			);
			mainGroup = 62AE7508239EFFAB00CF710C;
			productRefGroup = 62AE7512239EFFAB00CF710C /* Products */;
			projectDirPath = "";
			projectRoot = "";
			targets = (
				62AE7510239EFFAB00CF710C /* exercise2Kavak */,
				62AE7529239EFFAD00CF710C /* exercise2KavakTests */,
				62AE7534239EFFAD00CF710C /* exercise2KavakUITests */,
			);
		};
/* End PBXProject section */

/* Begin PBXResourcesBuildPhase section */
		62AE750F239EFFAB00CF710C /* Resources */ = {
			isa = PBXResourcesBuildPhase;
			buildActionMask = 2147483647;
			files = (
				62AE7524239EFFAD00CF710C /* LaunchScreen.storyboard in Resources */,
				6217490F23A00C4100F1C1E5 /* filter.xib in Resources */,
				62AE7521239EFFAD00CF710C /* Assets.xcassets in Resources */,
				62AE751C239EFFAB00CF710C /* Main.storyboard in Resources */,
			);
			runOnlyForDeploymentPostprocessing = 0;
		};
		62AE7528239EFFAD00CF710C /* Resources */ = {
			isa = PBXResourcesBuildPhase;
			buildActionMask = 2147483647;
			files = (
			);
			runOnlyForDeploymentPostprocessing = 0;
		};
		62AE7533239EFFAD00CF710C /* Resources */ = {
			isa = PBXResourcesBuildPhase;
			buildActionMask = 2147483647;
			files = (
			);
			runOnlyForDeploymentPostprocessing = 0;
		};
/* End PBXResourcesBuildPhase section */

/* Begin PBXShellScriptBuildPhase section */
		0E2197B5020AACE88592EB28 /* [CP] Embed Pods Frameworks */ = {
			isa = PBXShellScriptBuildPhase;
			buildActionMask = 2147483647;
			files = (
			);
			inputFileListPaths = (
				"${PODS_ROOT}/Target Support Files/Pods-exercise2Kavak/Pods-exercise2Kavak-frameworks-${CONFIGURATION}-input-files.xcfilelist",
			);
			name = "[CP] Embed Pods Frameworks";
			outputFileListPaths = (
				"${PODS_ROOT}/Target Support Files/Pods-exercise2Kavak/Pods-exercise2Kavak-frameworks-${CONFIGURATION}-output-files.xcfilelist",
			);
			runOnlyForDeploymentPostprocessing = 0;
			shellPath = /bin/sh;
			shellScript = "\"${PODS_ROOT}/Target Support Files/Pods-exercise2Kavak/Pods-exercise2Kavak-frameworks.sh\"\n";
			showEnvVarsInLog = 0;
		};
		330FBBD7A2EE3DE02F4DF831 /* [CP] Check Pods Manifest.lock */ = {
			isa = PBXShellScriptBuildPhase;
			buildActionMask = 2147483647;
			files = (
			);
			inputFileListPaths = (
			);
			inputPaths = (
				"${PODS_PODFILE_DIR_PATH}/Podfile.lock",
				"${PODS_ROOT}/Manifest.lock",
			);
			name = "[CP] Check Pods Manifest.lock";
			outputFileListPaths = (
			);
			outputPaths = (
				"$(DERIVED_FILE_DIR)/Pods-exercise2KavakUITests-checkManifestLockResult.txt",
			);
			runOnlyForDeploymentPostprocessing = 0;
			shellPath = /bin/sh;
			shellScript = "diff \"${PODS_PODFILE_DIR_PATH}/Podfile.lock\" \"${PODS_ROOT}/Manifest.lock\" > /dev/null\nif [ $? != 0 ] ; then\n    # print error to STDERR\n    echo \"error: The sandbox is not in sync with the Podfile.lock. Run 'pod install' or update your CocoaPods installation.\" >&2\n    exit 1\nfi\n# This output is used by Xcode 'outputs' to avoid re-running this script phase.\necho \"SUCCESS\" > \"${SCRIPT_OUTPUT_FILE_0}\"\n";
			showEnvVarsInLog = 0;
		};
		E2AC06E88CF6FECC8C43D728 /* [CP] Check Pods Manifest.lock */ = {
			isa = PBXShellScriptBuildPhase;
			buildActionMask = 2147483647;
			files = (
			);
			inputFileListPaths = (
			);
			inputPaths = (
				"${PODS_PODFILE_DIR_PATH}/Podfile.lock",
				"${PODS_ROOT}/Manifest.lock",
			);
			name = "[CP] Check Pods Manifest.lock";
			outputFileListPaths = (
			);
			outputPaths = (
				"$(DERIVED_FILE_DIR)/Pods-exercise2Kavak-checkManifestLockResult.txt",
			);
			runOnlyForDeploymentPostprocessing = 0;
			shellPath = /bin/sh;
			shellScript = "diff \"${PODS_PODFILE_DIR_PATH}/Podfile.lock\" \"${PODS_ROOT}/Manifest.lock\" > /dev/null\nif [ $? != 0 ] ; then\n    # print error to STDERR\n    echo \"error: The sandbox is not in sync with the Podfile.lock. Run 'pod install' or update your CocoaPods installation.\" >&2\n    exit 1\nfi\n# This output is used by Xcode 'outputs' to avoid re-running this script phase.\necho \"SUCCESS\" > \"${SCRIPT_OUTPUT_FILE_0}\"\n";
			showEnvVarsInLog = 0;
		};
		F42E4E9670879EE142268A90 /* [CP] Check Pods Manifest.lock */ = {
			isa = PBXShellScriptBuildPhase;
			buildActionMask = 2147483647;
			files = (
			);
			inputFileListPaths = (
			);
			inputPaths = (
				"${PODS_PODFILE_DIR_PATH}/Podfile.lock",
				"${PODS_ROOT}/Manifest.lock",
			);
			name = "[CP] Check Pods Manifest.lock";
			outputFileListPaths = (
			);
			outputPaths = (
				"$(DERIVED_FILE_DIR)/Pods-exercise2KavakTests-checkManifestLockResult.txt",
			);
			runOnlyForDeploymentPostprocessing = 0;
			shellPath = /bin/sh;
			shellScript = "diff \"${PODS_PODFILE_DIR_PATH}/Podfile.lock\" \"${PODS_ROOT}/Manifest.lock\" > /dev/null\nif [ $? != 0 ] ; then\n    # print error to STDERR\n    echo \"error: The sandbox is not in sync with the Podfile.lock. Run 'pod install' or update your CocoaPods installation.\" >&2\n    exit 1\nfi\n# This output is used by Xcode 'outputs' to avoid re-running this script phase.\necho \"SUCCESS\" > \"${SCRIPT_OUTPUT_FILE_0}\"\n";
			showEnvVarsInLog = 0;
		};
/* End PBXShellScriptBuildPhase section */

/* Begin PBXSourcesBuildPhase section */
		62AE750D239EFFAB00CF710C /* Sources */ = {
			isa = PBXSourcesBuildPhase;
			buildActionMask = 2147483647;
			files = (
				62416161239F6C2200602353 /* professionsViewModel.swift in Sources */,
				626F3723239F035D00E01AD0 /* apiHandler.swift in Sources */,
				62AE7515239EFFAB00CF710C /* AppDelegate.swift in Sources */,
				626F3729239F04F500E01AD0 /* gnomeViewModel.swift in Sources */,
				62603551239F2B3B006A6CAA /* extensionUIImage.swift in Sources */,
				6241615F239F6BE000602353 /* professionsTableViewController.swift in Sources */,
				62478446239FF193000D2562 /* extensionUIColor.swift in Sources */,
				6241615C239F681D00602353 /* extensionUIVIewController.swift in Sources */,
				6246F87D23A070E8000D484E /* buttonStyle.swift in Sources */,
				62416154239F62EC00602353 /* GnomeEntity+CoreDataProperties.swift in Sources */,
				6241616D239F71F800602353 /* infoTableViewController.swift in Sources */,
				6241614E239F603100602353 /* detailGnomeViewController.swift in Sources */,
				62416171239F740100602353 /* infoViewModel.swift in Sources */,
				6217490E23A00C4100F1C1E5 /* filter.swift in Sources */,
				6241616F239F72A100602353 /* friendsViewModel.swift in Sources */,
				62416163239F6F1800602353 /* professionTableViewCell.swift in Sources */,
				62416159239F63EE00602353 /* infoGnomeViewModel.swift in Sources */,
				62416153239F62EC00602353 /* GnomeEntity+CoreDataClass.swift in Sources */,
				62478444239FF169000D2562 /* segmentControl.swift in Sources */,
				62478449239FFEE5000D2562 /* mainViewController.swift in Sources */,
				626F3721239F030A00E01AD0 /* endPoint.swift in Sources */,
				62AE7517239EFFAB00CF710C /* SceneDelegate.swift in Sources */,
				62416167239F71D600602353 /* friendsTableViewController.swift in Sources */,
				62AFABF6239F1F56008D02CA /* customLayout.swift in Sources */,
				6246F87C23A070E8000D484E /* buttonStyleBorder.swift in Sources */,
				62416169239F71E200602353 /* friendsTableViewCell.swift in Sources */,
				6241616B239F71EC00602353 /* infoTableViewCell.swift in Sources */,
				62AE751F239EFFAB00CF710C /* exercise2Kavak.xcdatamodeld in Sources */,
				626F371C239F01B100E01AD0 /* gnome.swift in Sources */,
				62BA7BD8239F5D0900B9188A /* gnomeCollectionViewCell.swift in Sources */,
				626F3726239F03F900E01AD0 /* extensionDictionary.swift in Sources */,
				62E434DB23A059040028EA89 /* activityIndicator.swift in Sources */,
				62416157239F631C00602353 /* coreDataManager.swift in Sources */,
				62E434DA23A059040028EA89 /* utilActivityIndicator.swift in Sources */,
				6260354F239F244D006A6CAA /* allGnomesViewController.swift in Sources */,
			);
			runOnlyForDeploymentPostprocessing = 0;
		};
		62AE7526239EFFAD00CF710C /* Sources */ = {
			isa = PBXSourcesBuildPhase;
			buildActionMask = 2147483647;
			files = (
				62AE752F239EFFAD00CF710C /* exercise2KavakTests.swift in Sources */,
			);
			runOnlyForDeploymentPostprocessing = 0;
		};
		62AE7531239EFFAD00CF710C /* Sources */ = {
			isa = PBXSourcesBuildPhase;
			buildActionMask = 2147483647;
			files = (
				62AE753A239EFFAD00CF710C /* exercise2KavakUITests.swift in Sources */,
			);
			runOnlyForDeploymentPostprocessing = 0;
		};
/* End PBXSourcesBuildPhase section */

/* Begin PBXTargetDependency section */
		62AE752C239EFFAD00CF710C /* PBXTargetDependency */ = {
			isa = PBXTargetDependency;
			target = 62AE7510239EFFAB00CF710C /* exercise2Kavak */;
			targetProxy = 62AE752B239EFFAD00CF710C /* PBXContainerItemProxy */;
		};
		62AE7537239EFFAD00CF710C /* PBXTargetDependency */ = {
			isa = PBXTargetDependency;
			target = 62AE7510239EFFAB00CF710C /* exercise2Kavak */;
			targetProxy = 62AE7536239EFFAD00CF710C /* PBXContainerItemProxy */;
		};
/* End PBXTargetDependency section */

/* Begin PBXVariantGroup section */
		62AE751A239EFFAB00CF710C /* Main.storyboard */ = {
			isa = PBXVariantGroup;
			children = (
				62AE751B239EFFAB00CF710C /* Base */,
			);
			name = Main.storyboard;
			sourceTree = "<group>";
		};
		62AE7522239EFFAD00CF710C /* LaunchScreen.storyboard */ = {
			isa = PBXVariantGroup;
			children = (
				62AE7523239EFFAD00CF710C /* Base */,
			);
			name = LaunchScreen.storyboard;
			sourceTree = "<group>";
		};
/* End PBXVariantGroup section */

/* Begin XCBuildConfiguration section */
		62AE753C239EFFAD00CF710C /* Debug */ = {
			isa = XCBuildConfiguration;
			buildSettings = {
				ALWAYS_SEARCH_USER_PATHS = NO;
				CLANG_ANALYZER_NONNULL = YES;
				CLANG_ANALYZER_NUMBER_OBJECT_CONVERSION = YES_AGGRESSIVE;
				CLANG_CXX_LANGUAGE_STANDARD = "gnu++14";
				CLANG_CXX_LIBRARY = "libc++";
				CLANG_ENABLE_MODULES = YES;
				CLANG_ENABLE_OBJC_ARC = YES;
				CLANG_ENABLE_OBJC_WEAK = YES;
				CLANG_WARN_BLOCK_CAPTURE_AUTORELEASING = YES;
				CLANG_WARN_BOOL_CONVERSION = YES;
				CLANG_WARN_COMMA = YES;
				CLANG_WARN_CONSTANT_CONVERSION = YES;
				CLANG_WARN_DEPRECATED_OBJC_IMPLEMENTATIONS = YES;
				CLANG_WARN_DIRECT_OBJC_ISA_USAGE = YES_ERROR;
				CLANG_WARN_DOCUMENTATION_COMMENTS = YES;
				CLANG_WARN_EMPTY_BODY = YES;
				CLANG_WARN_ENUM_CONVERSION = YES;
				CLANG_WARN_INFINITE_RECURSION = YES;
				CLANG_WARN_INT_CONVERSION = YES;
				CLANG_WARN_NON_LITERAL_NULL_CONVERSION = YES;
				CLANG_WARN_OBJC_IMPLICIT_RETAIN_SELF = YES;
				CLANG_WARN_OBJC_LITERAL_CONVERSION = YES;
				CLANG_WARN_OBJC_ROOT_CLASS = YES_ERROR;
				CLANG_WARN_RANGE_LOOP_ANALYSIS = YES;
				CLANG_WARN_STRICT_PROTOTYPES = YES;
				CLANG_WARN_SUSPICIOUS_MOVE = YES;
				CLANG_WARN_UNGUARDED_AVAILABILITY = YES_AGGRESSIVE;
				CLANG_WARN_UNREACHABLE_CODE = YES;
				CLANG_WARN__DUPLICATE_METHOD_MATCH = YES;
				COPY_PHASE_STRIP = NO;
				DEBUG_INFORMATION_FORMAT = dwarf;
				ENABLE_STRICT_OBJC_MSGSEND = YES;
				ENABLE_TESTABILITY = YES;
				GCC_C_LANGUAGE_STANDARD = gnu11;
				GCC_DYNAMIC_NO_PIC = NO;
				GCC_NO_COMMON_BLOCKS = YES;
				GCC_OPTIMIZATION_LEVEL = 0;
				GCC_PREPROCESSOR_DEFINITIONS = (
					"DEBUG=1",
					"$(inherited)",
				);
				GCC_WARN_64_TO_32_BIT_CONVERSION = YES;
				GCC_WARN_ABOUT_RETURN_TYPE = YES_ERROR;
				GCC_WARN_UNDECLARED_SELECTOR = YES;
				GCC_WARN_UNINITIALIZED_AUTOS = YES_AGGRESSIVE;
				GCC_WARN_UNUSED_FUNCTION = YES;
				GCC_WARN_UNUSED_VARIABLE = YES;
				IPHONEOS_DEPLOYMENT_TARGET = 13.0;
				MTL_ENABLE_DEBUG_INFO = INCLUDE_SOURCE;
				MTL_FAST_MATH = YES;
				ONLY_ACTIVE_ARCH = YES;
				SDKROOT = iphoneos;
				SWIFT_ACTIVE_COMPILATION_CONDITIONS = DEBUG;
				SWIFT_OPTIMIZATION_LEVEL = "-Onone";
			};
			name = Debug;
		};
		62AE753D239EFFAD00CF710C /* Release */ = {
			isa = XCBuildConfiguration;
			buildSettings = {
				ALWAYS_SEARCH_USER_PATHS = NO;
				CLANG_ANALYZER_NONNULL = YES;
				CLANG_ANALYZER_NUMBER_OBJECT_CONVERSION = YES_AGGRESSIVE;
				CLANG_CXX_LANGUAGE_STANDARD = "gnu++14";
				CLANG_CXX_LIBRARY = "libc++";
				CLANG_ENABLE_MODULES = YES;
				CLANG_ENABLE_OBJC_ARC = YES;
				CLANG_ENABLE_OBJC_WEAK = YES;
				CLANG_WARN_BLOCK_CAPTURE_AUTORELEASING = YES;
				CLANG_WARN_BOOL_CONVERSION = YES;
				CLANG_WARN_COMMA = YES;
				CLANG_WARN_CONSTANT_CONVERSION = YES;
				CLANG_WARN_DEPRECATED_OBJC_IMPLEMENTATIONS = YES;
				CLANG_WARN_DIRECT_OBJC_ISA_USAGE = YES_ERROR;
				CLANG_WARN_DOCUMENTATION_COMMENTS = YES;
				CLANG_WARN_EMPTY_BODY = YES;
				CLANG_WARN_ENUM_CONVERSION = YES;
				CLANG_WARN_INFINITE_RECURSION = YES;
				CLANG_WARN_INT_CONVERSION = YES;
				CLANG_WARN_NON_LITERAL_NULL_CONVERSION = YES;
				CLANG_WARN_OBJC_IMPLICIT_RETAIN_SELF = YES;
				CLANG_WARN_OBJC_LITERAL_CONVERSION = YES;
				CLANG_WARN_OBJC_ROOT_CLASS = YES_ERROR;
				CLANG_WARN_RANGE_LOOP_ANALYSIS = YES;
				CLANG_WARN_STRICT_PROTOTYPES = YES;
				CLANG_WARN_SUSPICIOUS_MOVE = YES;
				CLANG_WARN_UNGUARDED_AVAILABILITY = YES_AGGRESSIVE;
				CLANG_WARN_UNREACHABLE_CODE = YES;
				CLANG_WARN__DUPLICATE_METHOD_MATCH = YES;
				COPY_PHASE_STRIP = NO;
				DEBUG_INFORMATION_FORMAT = "dwarf-with-dsym";
				ENABLE_NS_ASSERTIONS = NO;
				ENABLE_STRICT_OBJC_MSGSEND = YES;
				GCC_C_LANGUAGE_STANDARD = gnu11;
				GCC_NO_COMMON_BLOCKS = YES;
				GCC_WARN_64_TO_32_BIT_CONVERSION = YES;
				GCC_WARN_ABOUT_RETURN_TYPE = YES_ERROR;
				GCC_WARN_UNDECLARED_SELECTOR = YES;
				GCC_WARN_UNINITIALIZED_AUTOS = YES_AGGRESSIVE;
				GCC_WARN_UNUSED_FUNCTION = YES;
				GCC_WARN_UNUSED_VARIABLE = YES;
				IPHONEOS_DEPLOYMENT_TARGET = 13.0;
				MTL_ENABLE_DEBUG_INFO = NO;
				MTL_FAST_MATH = YES;
				SDKROOT = iphoneos;
				SWIFT_COMPILATION_MODE = wholemodule;
				SWIFT_OPTIMIZATION_LEVEL = "-O";
				VALIDATE_PRODUCT = YES;
			};
			name = Release;
		};
		62AE753F239EFFAD00CF710C /* Debug */ = {
			isa = XCBuildConfiguration;
			baseConfigurationReference = F4486576A9FE8457372AC3E7 /* Pods-exercise2Kavak.debug.xcconfig */;
			buildSettings = {
				ASSETCATALOG_COMPILER_APPICON_NAME = AppIcon;
				CODE_SIGN_STYLE = Automatic;
				INFOPLIST_FILE = exercise2Kavak/supportingFiles/Info.plist;
				LD_RUNPATH_SEARCH_PATHS = (
					"$(inherited)",
					"@executable_path/Frameworks",
				);
				PRODUCT_BUNDLE_IDENTIFIER = com.andres.exercise2Kavak;
				PRODUCT_NAME = "$(TARGET_NAME)";
				SWIFT_VERSION = 5.0;
				TARGETED_DEVICE_FAMILY = 1;
			};
			name = Debug;
		};
		62AE7540239EFFAD00CF710C /* Release */ = {
			isa = XCBuildConfiguration;
			baseConfigurationReference = C79FCD3F8A26EFE6588FD987 /* Pods-exercise2Kavak.release.xcconfig */;
			buildSettings = {
				ASSETCATALOG_COMPILER_APPICON_NAME = AppIcon;
				CODE_SIGN_STYLE = Automatic;
				INFOPLIST_FILE = exercise2Kavak/supportingFiles/Info.plist;
				LD_RUNPATH_SEARCH_PATHS = (
					"$(inherited)",
					"@executable_path/Frameworks",
				);
				PRODUCT_BUNDLE_IDENTIFIER = com.andres.exercise2Kavak;
				PRODUCT_NAME = "$(TARGET_NAME)";
				SWIFT_VERSION = 5.0;
				TARGETED_DEVICE_FAMILY = 1;
			};
			name = Release;
		};
		62AE7542239EFFAD00CF710C /* Debug */ = {
			isa = XCBuildConfiguration;
			baseConfigurationReference = 9E133FC8FE77F91B34EF297E /* Pods-exercise2KavakTests.debug.xcconfig */;
			buildSettings = {
				ALWAYS_EMBED_SWIFT_STANDARD_LIBRARIES = YES;
				BUNDLE_LOADER = "$(TEST_HOST)";
				CODE_SIGN_STYLE = Automatic;
				INFOPLIST_FILE = exercise2KavakTests/Info.plist;
				IPHONEOS_DEPLOYMENT_TARGET = 13.0;
				LD_RUNPATH_SEARCH_PATHS = (
					"$(inherited)",
					"@executable_path/Frameworks",
					"@loader_path/Frameworks",
				);
				PRODUCT_BUNDLE_IDENTIFIER = com.andres.exercise2KavakTests;
				PRODUCT_NAME = "$(TARGET_NAME)";
				SWIFT_VERSION = 5.0;
				TARGETED_DEVICE_FAMILY = "1,2";
				TEST_HOST = "$(BUILT_PRODUCTS_DIR)/exercise2Kavak.app/exercise2Kavak";
			};
			name = Debug;
		};
		62AE7543239EFFAD00CF710C /* Release */ = {
			isa = XCBuildConfiguration;
			baseConfigurationReference = 3BCCDC76A953E71FC81A797C /* Pods-exercise2KavakTests.release.xcconfig */;
			buildSettings = {
				ALWAYS_EMBED_SWIFT_STANDARD_LIBRARIES = YES;
				BUNDLE_LOADER = "$(TEST_HOST)";
				CODE_SIGN_STYLE = Automatic;
				INFOPLIST_FILE = exercise2KavakTests/Info.plist;
				IPHONEOS_DEPLOYMENT_TARGET = 13.0;
				LD_RUNPATH_SEARCH_PATHS = (
					"$(inherited)",
					"@executable_path/Frameworks",
					"@loader_path/Frameworks",
				);
				PRODUCT_BUNDLE_IDENTIFIER = com.andres.exercise2KavakTests;
				PRODUCT_NAME = "$(TARGET_NAME)";
				SWIFT_VERSION = 5.0;
				TARGETED_DEVICE_FAMILY = "1,2";
				TEST_HOST = "$(BUILT_PRODUCTS_DIR)/exercise2Kavak.app/exercise2Kavak";
			};
			name = Release;
		};
		62AE7545239EFFAD00CF710C /* Debug */ = {
			isa = XCBuildConfiguration;
			baseConfigurationReference = FFDDCC63D07305EF7A35611C /* Pods-exercise2KavakUITests.debug.xcconfig */;
			buildSettings = {
				ALWAYS_EMBED_SWIFT_STANDARD_LIBRARIES = YES;
				CODE_SIGN_STYLE = Automatic;
				INFOPLIST_FILE = exercise2KavakUITests/Info.plist;
				LD_RUNPATH_SEARCH_PATHS = (
					"$(inherited)",
					"@executable_path/Frameworks",
					"@loader_path/Frameworks",
				);
				PRODUCT_BUNDLE_IDENTIFIER = com.andres.exercise2KavakUITests;
				PRODUCT_NAME = "$(TARGET_NAME)";
				SWIFT_VERSION = 5.0;
				TARGETED_DEVICE_FAMILY = "1,2";
				TEST_TARGET_NAME = exercise2Kavak;
			};
			name = Debug;
		};
		62AE7546239EFFAD00CF710C /* Release */ = {
			isa = XCBuildConfiguration;
			baseConfigurationReference = FC9A3ECE30BA446492515F34 /* Pods-exercise2KavakUITests.release.xcconfig */;
			buildSettings = {
				ALWAYS_EMBED_SWIFT_STANDARD_LIBRARIES = YES;
				CODE_SIGN_STYLE = Automatic;
				INFOPLIST_FILE = exercise2KavakUITests/Info.plist;
				LD_RUNPATH_SEARCH_PATHS = (
					"$(inherited)",
					"@executable_path/Frameworks",
					"@loader_path/Frameworks",
				);
				PRODUCT_BUNDLE_IDENTIFIER = com.andres.exercise2KavakUITests;
				PRODUCT_NAME = "$(TARGET_NAME)";
				SWIFT_VERSION = 5.0;
				TARGETED_DEVICE_FAMILY = "1,2";
				TEST_TARGET_NAME = exercise2Kavak;
			};
			name = Release;
		};
/* End XCBuildConfiguration section */

/* Begin XCConfigurationList section */
		62AE750C239EFFAB00CF710C /* Build configuration list for PBXProject "exercise2Kavak" */ = {
			isa = XCConfigurationList;
			buildConfigurations = (
				62AE753C239EFFAD00CF710C /* Debug */,
				62AE753D239EFFAD00CF710C /* Release */,
			);
			defaultConfigurationIsVisible = 0;
			defaultConfigurationName = Release;
		};
		62AE753E239EFFAD00CF710C /* Build configuration list for PBXNativeTarget "exercise2Kavak" */ = {
			isa = XCConfigurationList;
			buildConfigurations = (
				62AE753F239EFFAD00CF710C /* Debug */,
				62AE7540239EFFAD00CF710C /* Release */,
			);
			defaultConfigurationIsVisible = 0;
			defaultConfigurationName = Release;
		};
		62AE7541239EFFAD00CF710C /* Build configuration list for PBXNativeTarget "exercise2KavakTests" */ = {
			isa = XCConfigurationList;
			buildConfigurations = (
				62AE7542239EFFAD00CF710C /* Debug */,
				62AE7543239EFFAD00CF710C /* Release */,
			);
			defaultConfigurationIsVisible = 0;
			defaultConfigurationName = Release;
		};
		62AE7544239EFFAD00CF710C /* Build configuration list for PBXNativeTarget "exercise2KavakUITests" */ = {
			isa = XCConfigurationList;
			buildConfigurations = (
				62AE7545239EFFAD00CF710C /* Debug */,
				62AE7546239EFFAD00CF710C /* Release */,
			);
			defaultConfigurationIsVisible = 0;
			defaultConfigurationName = Release;
		};
/* End XCConfigurationList section */

/* Begin XCVersionGroup section */
		62AE751D239EFFAB00CF710C /* exercise2Kavak.xcdatamodeld */ = {
			isa = XCVersionGroup;
			children = (
				62AE751E239EFFAB00CF710C /* exercise2Kavak.xcdatamodel */,
			);
			currentVersion = 62AE751E239EFFAB00CF710C /* exercise2Kavak.xcdatamodel */;
			path = exercise2Kavak.xcdatamodeld;
			sourceTree = "<group>";
			versionGroupType = wrapper.xcdatamodel;
		};
/* End XCVersionGroup section */
	};
	rootObject = 62AE7509239EFFAB00CF710C /* Project object */;
}
